<Solution>
  <Project Path="MovieApi.Application.Contracts/MovieApi.Application.Contracts.csproj" />
  <Project Path="MovieApi.Application/MovieApi.Application.csproj" />
  <Project Path="MovieApi.Domain.Contracts/MovieApi.Domain.Contracts.csproj" />
  <Project Path="MovieApi.Domain/MovieApi.Domain.csproj" />
  <Project Path="MovieApi.Infrastructure/MovieApi.Infrastructure.csproj" />
  <Project Path="MovieApi/MovieApi.csproj" />
  <Project Path="tests/Tests.csproj" />
</Solution>
